{
	"name": "cicero-core",
	"version": "0.2.46",
	"lockfileVersion": 1,
	"requires": true,
	"dependencies": {
		"lodash.unescape": {
			"version": "4.0.1",
			"resolved": "https://registry.npmjs.org/lodash.unescape/-/lodash.unescape-4.0.1.tgz",
			"integrity": "sha1-vyJJiGzlFM2hEvrpIYzcBlIR/Jw=",
			"dev": true
		},
		"moment": {
			"version": "2.20.1",
			"resolved": "https://registry.npmjs.org/moment/-/moment-2.20.1.tgz",
			"integrity": "sha512-Yh9y73JRljxW5QxN08Fner68eFLxM5ynNOAw2LbIB1YAGeQzZT8QFSUvkAz609Zf+IHhhaUxqZK8dG3W/+HEvg=="
		},
		"semver": {
			"version": "5.5.0",
			"resolved": "https://registry.npmjs.org/semver/-/semver-5.5.0.tgz",
			"integrity": "sha512-4SJ3dm0WAwWy/NVeioZh5AntkdJoWKxHxcmyP622fOkgHa4z3R0TdBJICINyaSDE6uNwVc8gZr+ZinwZAH4xIA==",
			"dev": true
		},
		"typescript": {
			"version": "2.8.1",
			"resolved": "https://registry.npmjs.org/typescript/-/typescript-2.8.1.tgz",
			"integrity": "sha512-Ao/f6d/4EPLq0YwzsQz8iXflezpTkQzqAyenTiw4kCUGr1uPiFLC3+fZ+gMZz6eeI/qdRUqvC+HxIJzUAzEFdg==",
			"dev": true
		},
		"typescript-eslint-parser": {
			"version": "14.0.0",
			"resolved": "https://registry.npmjs.org/typescript-eslint-parser/-/typescript-eslint-parser-14.0.0.tgz",
			"integrity": "sha512-xDvhgZX08RRKSyz8oWXI/V9gjXelh4/a9jGFmmHnn/j/GMXKOQ6E6NAGVjQSvGBrjT/TMobKqsrxnBcVr4sfIw==",
			"dev": true,
			"requires": {
				"lodash.unescape": "4.0.1",
				"semver": "5.5.0"
			}
		}
	}
}
